
Microsoft Visual Studio Solution File, Format Version 12.00
# Visual Studio Version 17
VisualStudioVersion = 17.10.35027.167
MinimumVisualStudioVersion = 10.0.40219.1
Project("{FAE04EC0-301F-11D3-BF4B-00C04F79EFBC}") = "TextGen", "TextGen\TextGen.csproj", "{64C8B774-CA13-4055-98B5-2B3CA36E2DFC}"
EndProject
Global
	GlobalSection(SolutionConfigurationPlatforms) = preSolution
		Debug|Any CPU = Debug|Any CPU
		Release|Any CPU = Release|Any CPU
	EndGlobalSection
	GlobalSection(ProjectConfigurationPlatforms) = postSolution
		{64C8B774-CA13-4055-98B5-2B3CA36E2DFC}.Debug|Any CPU.ActiveCfg = Debug|Any CPU
		{64C8B774-CA13-4055-98B5-2B3CA36E2DFC}.Debug|Any CPU.Build.0 = Debug|Any CPU
		{64C8B774-CA13-4055-98B5-2B3CA36E2DFC}.Release|Any CPU.ActiveCfg = Release|Any CPU
		{64C8B774-CA13-4055-98B5-2B3CA36E2DFC}.Release|Any CPU.Build.0 = Release|Any CPU
	EndGlobalSection
	GlobalSection(SolutionProperties) = preSolution
		HideSolutionNode = FALSE
	EndGlobalSection
	GlobalSection(ExtensibilityGlobals) = postSolution
		SolutionGuid = {D12C615E-49B9-4644-848A-C5299B09CE61}
	EndGlobalSection
EndGlobal
